{
    "name": "example",
    "version": "1.0.0",
    "lockfileVersion": 2,
    "requires": true,
    "packages": {
        "": {
            "version": "1.0.0",
            "license": "ISC",
            "dependencies": {
                "@eeue56/baner": "file:.."
            }
        },
        "..": {
            "name": "@eeue56/baner",
            "version": "0.0.1",
            "license": "BSD-3-Clause",
            "dependencies": {
                "@eeue56/ts-core": "^1.1.0"
            },
            "devDependencies": {
                "@eeue56/bach": "^0.0.2",
                "@eeue56/geiriadur": "^0.0.3",
                "prettier": "github:eeue56/prettier#feat/spacing-around-square-brackets",
                "typescript": "^4.3.2"
            }
        },
        "node_modules/@eeue56/baner": {
            "resolved": "..",
            "link": true
        }
    },
    "dependencies": {
        "@eeue56/baner": {
            "version": "file:..",
            "requires": {
                "@eeue56/bach": "^0.0.2",
                "@eeue56/geiriadur": "^0.0.3",
                "@eeue56/ts-core": "^1.1.0",
                "prettier": "github:eeue56/prettier#feat/spacing-around-square-brackets",
                "typescript": "^4.3.2"
            }
        }
    }
}
